<?xml version="1.0" encoding="utf-8"?>
<Project ToolsVersion="4.0" xmlns="http://schemas.microsoft.com/developer/msbuild/2003">
  <ItemGroup>
    <Filter Include="Source Files">
      <UniqueIdentifier>{4FC737F1-C7A5-4376-A066-2A32D752A2FF}</UniqueIdentifier>
      <Extensions>cpp;c;cc;cxx;def;odl;idl;hpj;bat;asm;asmx</Extensions>
    </Filter>
    <Filter Include="Header Files">
      <UniqueIdentifier>{93995380-89BD-4b04-88EB-625FBE52EBFB}</UniqueIdentifier>
      <Extensions>h;hh;hpp;hxx;hm;inl;inc;xsd</Extensions>
    </Filter>
    <Filter Include="Resource Files">
      <UniqueIdentifier>{67DA6AB6-F800-4c08-8B7A-83BB121AAD01}</UniqueIdentifier>
      <Extensions>rc;ico;cur;bmp;dlg;rc2;rct;bin;rgs;gif;jpg;jpeg;jpe;resx;tiff;tif;png;wav;mfcribbon-ms</Extensions>
    </Filter>
    <Filter Include="shaders">
      <UniqueIdentifier>{c80082ba-4906-4f0b-b26c-ca58622c4f3c}</UniqueIdentifier>
    </Filter>
  </ItemGroup>
  <ItemGroup>
    <ClInclude Include="inc\Camera.h">
      <Filter>Header Files</Filter>
    </ClInclude>
    <ClInclude Include="inc\Shader.h">
      <Filter>Header Files</Filter>
    </ClInclude>
    <ClInclude Include="inc\IMesh.h">
      <Filter>Header Files</Filter>
    </ClInclude>
    <ClInclude Include="inc\Texture2D.h">
      <Filter>Header Files</Filter>
    </ClInclude>
    <ClInclude Include="inc\GeometryMesh.h">
      <Filter>Header Files</Filter>
    </ClInclude>
    <ClInclude Include="inc\IEffect.h">
      <Filter>Header Files</Filter>
    </ClInclude>
    <ClInclude Include="inc\ResourceManager.h">
      <Filter>Header Files</Filter>
    </ClInclude>
    <ClInclude Include="inc\NoEffect.h">
      <Filter>Header Files</Filter>
    </ClInclude>
    <ClInclude Include="inc\ICamera.h">
      <Filter>Header Files</Filter>
    </ClInclude>
    <ClInclude Include="inc\IModel.h">
      <Filter>Header Files</Filter>
    </ClInclude>
    <ClInclude Include="inc\Pipeline.h">
      <Filter>Header Files</Filter>
    </ClInclude>
    <ClInclude Include="inc\IObject.h">
      <Filter>Header Files</Filter>
    </ClInclude>
    <ClInclude Include="inc\GameObject.h">
      <Filter>Header Files</Filter>
    </ClInclude>
    <ClInclude Include="inc\GroupObject.h">
      <Filter>Header Files</Filter>
    </ClInclude>
    <ClInclude Include="inc\RootObject.h">
      <Filter>Header Files</Filter>
    </ClInclude>
    <ClInclude Include="inc\OBJMesh.h">
      <Filter>Header Files</Filter>
    </ClInclude>
    <ClInclude Include="inc\OBJModel.h">
      <Filter>Header Files</Filter>
    </ClInclude>
    <ClInclude Include="inc\GeometryModel.h">
      <Filter>Header Files</Filter>
    </ClInclude>
    <ClInclude Include="inc\ITexture.h">
      <Filter>Header Files</Filter>
    </ClInclude>
    <ClInclude Include="inc\Texture3D.h">
      <Filter>Header Files</Filter>
    </ClInclude>
    <ClInclude Include="inc\SkyboxModel.h">
      <Filter>Header Files</Filter>
    </ClInclude>
    <ClInclude Include="inc\Engine.h">
      <Filter>Header Files</Filter>
    </ClInclude>
    <ClInclude Include="inc\SceneObject.h">
      <Filter>Header Files</Filter>
    </ClInclude>
    <ClInclude Include="inc\SceneLoader.h">
      <Filter>Header Files</Filter>
    </ClInclude>
    <ClInclude Include="inc\BloomEffect.h">
      <Filter>Header Files</Filter>
    </ClInclude>
    <ClInclude Include="inc\InputManager.h">
      <Filter>Header Files</Filter>
    </ClInclude>
    <ClInclude Include="inc\IComponent.h">
      <Filter>Header Files</Filter>
    </ClInclude>
    <ClInclude Include="inc\TransformComponent.h">
      <Filter>Header Files</Filter>
    </ClInclude>
    <ClInclude Include="inc\DecoderComponent.h">
      <Filter>Header Files</Filter>
    </ClInclude>
    <ClInclude Include="inc\OpenGLWindow.h">
      <Filter>Header Files</Filter>
    </ClInclude>
    <ClInclude Include="inc\LightComponent.h">
      <Filter>Header Files</Filter>
    </ClInclude>
    <ClInclude Include="inc\LightObject.h">
      <Filter>Header Files</Filter>
    </ClInclude>
    <ClInclude Include="inc\DirectionalLight.h">
      <Filter>Header Files</Filter>
    </ClInclude>
    <ClInclude Include="inc\PointLight.h">
      <Filter>Header Files</Filter>
    </ClInclude>
    <ClInclude Include="inc\SpotLight.h">
      <Filter>Header Files</Filter>
    </ClInclude>
  </ItemGroup>
  <ItemGroup>
    <ClCompile Include="src\Shader.cpp">
      <Filter>Source Files</Filter>
    </ClCompile>
    <ClCompile Include="src\Utility.cpp">
      <Filter>Source Files</Filter>
    </ClCompile>
    <ClCompile Include="src\IMesh.cpp">
      <Filter>Source Files</Filter>
    </ClCompile>
    <ClCompile Include="src\Texture2D.cpp">
      <Filter>Source Files</Filter>
    </ClCompile>
    <ClCompile Include="src\GeometryMesh.cpp">
      <Filter>Source Files</Filter>
    </ClCompile>
    <ClCompile Include="src\IEffect.cpp">
      <Filter>Source Files</Filter>
    </ClCompile>
    <ClCompile Include="src\ResourceManager.cpp">
      <Filter>Source Files</Filter>
    </ClCompile>
    <ClCompile Include="src\NoEffect.cpp">
      <Filter>Source Files</Filter>
    </ClCompile>
    <ClCompile Include="src\IModel.cpp">
      <Filter>Source Files</Filter>
    </ClCompile>
    <ClCompile Include="src\Pipeline.cpp">
      <Filter>Source Files</Filter>
    </ClCompile>
    <ClCompile Include="src\IObject.cpp">
      <Filter>Source Files</Filter>
    </ClCompile>
    <ClCompile Include="src\GameObject.cpp">
      <Filter>Source Files</Filter>
    </ClCompile>
    <ClCompile Include="src\GroupObject.cpp">
      <Filter>Source Files</Filter>
    </ClCompile>
    <ClCompile Include="src\RootObject.cpp">
      <Filter>Source Files</Filter>
    </ClCompile>
    <ClCompile Include="src\OBJMesh.cpp">
      <Filter>Source Files</Filter>
    </ClCompile>
    <ClCompile Include="src\OBJModel.cpp">
      <Filter>Source Files</Filter>
    </ClCompile>
    <ClCompile Include="src\GeometryModel.cpp">
      <Filter>Source Files</Filter>
    </ClCompile>
    <ClCompile Include="src\Texture3D.cpp">
      <Filter>Source Files</Filter>
    </ClCompile>
    <ClCompile Include="src\SkyboxModel.cpp">
      <Filter>Source Files</Filter>
    </ClCompile>
    <ClCompile Include="src\Camera.cpp">
      <Filter>Source Files</Filter>
    </ClCompile>
    <ClCompile Include="src\SceneObject.cpp">
      <Filter>Source Files</Filter>
    </ClCompile>
    <ClCompile Include="src\BloomEffect.cpp">
      <Filter>Source Files</Filter>
    </ClCompile>
    <ClCompile Include="src\Engine.cpp">
      <Filter>Source Files</Filter>
    </ClCompile>
    <ClCompile Include="src\InputManager.cpp">
      <Filter>Source Files</Filter>
    </ClCompile>
    <ClCompile Include="src\TransformComponent.cpp">
      <Filter>Source Files</Filter>
    </ClCompile>
    <ClCompile Include="src\SceneLoader.cpp">
      <Filter>Source Files</Filter>
    </ClCompile>
    <ClCompile Include="src\DecoderComponent.cpp">
      <Filter>Source Files</Filter>
    </ClCompile>
    <ClCompile Include="src\OpenGLWindow.cpp">
      <Filter>Source Files</Filter>
    </ClCompile>
    <ClCompile Include="src\LightComponent.cpp">
      <Filter>Source Files</Filter>
    </ClCompile>
    <ClCompile Include="src\LightObject.cpp">
      <Filter>Source Files</Filter>
    </ClCompile>
    <ClCompile Include="src\DirectionalLight.cpp">
      <Filter>Header Files</Filter>
    </ClCompile>
    <ClCompile Include="src\PointLight.cpp">
      <Filter>Source Files</Filter>
    </ClCompile>
    <ClCompile Include="src\SpotLight.cpp">
      <Filter>Source Files</Filter>
    </ClCompile>
  </ItemGroup>
  <ItemGroup>
    <None Include="shaders\NoEffect.frag">
      <Filter>shaders</Filter>
    </None>
    <None Include="shaders\NoEffect.vert">
      <Filter>shaders</Filter>
    </None>
    <None Include="shaders\obj.frag">
      <Filter>shaders</Filter>
    </None>
    <None Include="shaders\obj.vert">
      <Filter>shaders</Filter>
    </None>
    <None Include="shaders\skybox.frag">
      <Filter>shaders</Filter>
    </None>
    <None Include="shaders\skybox.vert">
      <Filter>shaders</Filter>
    </None>
    <None Include="shaders\cube.frag">
      <Filter>shaders</Filter>
    </None>
    <None Include="shaders\cube.vert">
      <Filter>shaders</Filter>
    </None>
    <None Include="shaders\plane.frag">
      <Filter>shaders</Filter>
    </None>
    <None Include="shaders\plane.vert">
      <Filter>shaders</Filter>
    </None>
    <None Include="shaders\BloomEffect.frag">
      <Filter>shaders</Filter>
    </None>
    <None Include="shaders\BloomEffect.vert">
      <Filter>shaders</Filter>
    </None>
    <None Include="shaders\guassian.frag">
      <Filter>shaders</Filter>
    </None>
    <None Include="shaders\guassian.vert">
      <Filter>shaders</Filter>
    </None>
    <None Include="shaders\HPF.frag">
      <Filter>shaders</Filter>
    </None>
    <None Include="shaders\HPF.vert">
      <Filter>shaders</Filter>
    </None>
  </ItemGroup>
</Project>